// !$*UTF8*$!
{
	archiveVersion = 1;
	classes = {
	};
	objectVersion = 50;
	objects = {

/* Begin PBXBuildFile section */
		04386DF323DBAFEE00697224 /* AppDelegate.swift in Sources */ = {isa = PBXBuildFile; fileRef = 04386DF223DBAFEE00697224 /* AppDelegate.swift */; };
		04386DF523DBAFEE00697224 /* SceneDelegate.swift in Sources */ = {isa = PBXBuildFile; fileRef = 04386DF423DBAFEE00697224 /* SceneDelegate.swift */; };
		04386DF723DBAFEE00697224 /* ViewController.swift in Sources */ = {isa = PBXBuildFile; fileRef = 04386DF623DBAFEE00697224 /* ViewController.swift */; };
		04386DFA23DBAFEE00697224 /* Main.storyboard in Resources */ = {isa = PBXBuildFile; fileRef = 04386DF823DBAFEE00697224 /* Main.storyboard */; };
		04386DFD23DBAFEE00697224 /* C0762067_FinalLabAssignment.xcdatamodeld in Sources */ = {isa = PBXBuildFile; fileRef = 04386DFB23DBAFEE00697224 /* C0762067_FinalLabAssignment.xcdatamodeld */; };
		04386DFF23DBAFF000697224 /* Assets.xcassets in Resources */ = {isa = PBXBuildFile; fileRef = 04386DFE23DBAFF000697224 /* Assets.xcassets */; };
		04386E0223DBAFF000697224 /* LaunchScreen.storyboard in Resources */ = {isa = PBXBuildFile; fileRef = 04386E0023DBAFF000697224 /* LaunchScreen.storyboard */; };
/* End PBXBuildFile section */

/* Begin PBXFileReference section */
		04386DEF23DBAFEE00697224 /* C0762067_FinalLabAssignment.app */ = {isa = PBXFileReference; explicitFileType = wrapper.application; includeInIndex = 0; path = C0762067_FinalLabAssignment.app; sourceTree = BUILT_PRODUCTS_DIR; };
		04386DF223DBAFEE00697224 /* AppDelegate.swift */ = {isa = PBXFileReference; lastKnownFileType = sourcecode.swift; path = AppDelegate.swift; sourceTree = "<group>"; };
		04386DF423DBAFEE00697224 /* SceneDelegate.swift */ = {isa = PBXFileReference; lastKnownFileType = sourcecode.swift; path = SceneDelegate.swift; sourceTree = "<group>"; };
		04386DF623DBAFEE00697224 /* ViewController.swift */ = {isa = PBXFileReference; lastKnownFileType = sourcecode.swift; path = ViewController.swift; sourceTree = "<group>"; };
		04386DF923DBAFEE00697224 /* Base */ = {isa = PBXFileReference; lastKnownFileType = file.storyboard; name = Base; path = Base.lproj/Main.storyboard; sourceTree = "<group>"; };
		04386DFC23DBAFEE00697224 /* C0762067_FinalLabAssignment.xcdatamodel */ = {isa = PBXFileReference; lastKnownFileType = wrapper.xcdatamodel; path = C0762067_FinalLabAssignment.xcdatamodel; sourceTree = "<group>"; };
		04386DFE23DBAFF000697224 /* Assets.xcassets */ = {isa = PBXFileReference; lastKnownFileType = folder.assetcatalog; path = Assets.xcassets; sourceTree = "<group>"; };
		04386E0123DBAFF000697224 /* Base */ = {isa = PBXFileReference; lastKnownFileType = file.storyboard; name = Base; path = Base.lproj/LaunchScreen.storyboard; sourceTree = "<group>"; };
		04386E0323DBAFF000697224 /* Info.plist */ = {isa = PBXFileReference; lastKnownFileType = text.plist.xml; path = Info.plist; sourceTree = "<group>"; };
/* End PBXFileReference section */

/* Begin PBXFrameworksBuildPhase section */
		04386DEC23DBAFEE00697224 /* Frameworks */ = {
			isa = PBXFrameworksBuildPhase;
			buildActionMask = 2147483647;
			files = (
			);
			runOnlyForDeploymentPostprocessing = 0;
		};
/* End PBXFrameworksBuildPhase section */

/* Begin PBXGroup section */
		04386DE623DBAFEE00697224 = {
			isa = PBXGroup;
			children = (
				04386DF123DBAFEE00697224 /* C0762067_FinalLabAssignment */,
				04386DF023DBAFEE00697224 /* Products */,
			);
			sourceTree = "<group>";
		};
		04386DF023DBAFEE00697224 /* Products */ = {
			isa = PBXGroup;
			children = (
				04386DEF23DBAFEE00697224 /* C0762067_FinalLabAssignment.app */,
			);
			name = Products;
			sourceTree = "<group>";
		};
		04386DF123DBAFEE00697224 /* C0762067_FinalLabAssignment */ = {
			isa = PBXGroup;
			children = (
				04386DF223DBAFEE00697224 /* AppDelegate.swift */,
				04386DF423DBAFEE00697224 /* SceneDelegate.swift */,
				04386DF623DBAFEE00697224 /* ViewController.swift */,
				04386DF823DBAFEE00697224 /* Main.storyboard */,
				04386DFE23DBAFF000697224 /* Assets.xcassets */,
				04386E0023DBAFF000697224 /* LaunchScreen.storyboard */,
				04386E0323DBAFF000697224 /* Info.plist */,
				04386DFB23DBAFEE00697224 /* C0762067_FinalLabAssignment.xcdatamodeld */,
			);
			path = C0762067_FinalLabAssignment;
			sourceTree = "<group>";
		};
/* End PBXGroup section */

/* Begin PBXNativeTarget section */
		04386DEE23DBAFEE00697224 /* C0762067_FinalLabAssignment */ = {
			isa = PBXNativeTarget;
			buildConfigurationList = 04386E0623DBAFF000697224 /* Build configuration list for PBXNativeTarget "C0762067_FinalLabAssignment" */;
			buildPhases = (
				04386DEB23DBAFEE00697224 /* Sources */,
				04386DEC23DBAFEE00697224 /* Frameworks */,
				04386DED23DBAFEE00697224 /* Resources */,
			);
			buildRules = (
			);
			dependencies = (
			);
			name = C0762067_FinalLabAssignment;
			productName = C0762067_FinalLabAssignment;
			productReference = 04386DEF23DBAFEE00697224 /* C0762067_FinalLabAssignment.app */;
			productType = "com.apple.product-type.application";
		};
/* End PBXNativeTarget section */

/* Begin PBXProject section */
		04386DE723DBAFEE00697224 /* Project object */ = {
			isa = PBXProject;
			attributes = {
				LastSwiftUpdateCheck = 1130;
				LastUpgradeCheck = 1130;
				ORGANIZATIONNAME = Mac;
				TargetAttributes = {
					04386DEE23DBAFEE00697224 = {
						CreatedOnToolsVersion = 11.3.1;
					};
				};
			};
			buildConfigurationList = 04386DEA23DBAFEE00697224 /* Build configuration list for PBXProject "C0762067_FinalLabAssignment" */;
			compatibilityVersion = "Xcode 9.3";
			developmentRegion = en;
			hasScannedForEncodings = 0;
			knownRegions = (
				en,
				Base,
			);
			mainGroup = 04386DE623DBAFEE00697224;
			productRefGroup = 04386DF023DBAFEE00697224 /* Products */;
			projectDirPath = "";
			projectRoot = "";
			targets = (
				04386DEE23DBAFEE00697224 /* C0762067_FinalLabAssignment */,
			);
		};
/* End PBXProject section */

/* Begin PBXResourcesBuildPhase section */
		04386DED23DBAFEE00697224 /* Resources */ = {
			isa = PBXResourcesBuildPhase;
			buildActionMask = 2147483647;
			files = (
				04386E0223DBAFF000697224 /* LaunchScreen.storyboard in Resources */,
				04386DFF23DBAFF000697224 /* Assets.xcassets in Resources */,
				04386DFA23DBAFEE00697224 /* Main.storyboard in Resources */,
			);
			runOnlyForDeploymentPostprocessing = 0;
		};
/* End PBXResourcesBuildPhase section */

/* Begin PBXSourcesBuildPhase section */
		04386DEB23DBAFEE00697224 /* Sources */ = {
			isa = PBXSourcesBuildPhase;
			buildActionMask = 2147483647;
			files = (
				04386DFD23DBAFEE00697224 /* C0762067_FinalLabAssignment.xcdatamodeld in Sources */,
				04386DF723DBAFEE00697224 /* ViewController.swift in Sources */,
				04386DF323DBAFEE00697224 /* AppDelegate.swift in Sources */,
				04386DF523DBAFEE00697224 /* SceneDelegate.swift in Sources */,
			);
			runOnlyForDeploymentPostprocessing = 0;
		};
/* End PBXSourcesBuildPhase section */

/* Begin PBXVariantGroup section */
		04386DF823DBAFEE00697224 /* Main.storyboard */ = {
			isa = PBXVariantGroup;
			children = (
				04386DF923DBAFEE00697224 /* Base */,
			);
			name = Main.storyboard;
			sourceTree = "<group>";
		};
		04386E0023DBAFF000697224 /* LaunchScreen.storyboard */ = {
			isa = PBXVariantGroup;
			children = (
				04386E0123DBAFF000697224 /* Base */,
			);
			name = LaunchScreen.storyboard;
			sourceTree = "<group>";
		};
/* End PBXVariantGroup section */

/* Begin XCBuildConfiguration section */
		04386E0423DBAFF000697224 /* Debug */ = {
			isa = XCBuildConfiguration;
			buildSettings = {
				ALWAYS_SEARCH_USER_PATHS = NO;
				CLANG_ANALYZER_NONNULL = YES;
				CLANG_ANALYZER_NUMBER_OBJECT_CONVERSION = YES_AGGRESSIVE;
				CLANG_CXX_LANGUAGE_STANDARD = "gnu++14";
				CLANG_CXX_LIBRARY = "libc++";
				CLANG_ENABLE_MODULES = YES;
				CLANG_ENABLE_OBJC_ARC = YES;
				CLANG_ENABLE_OBJC_WEAK = YES;
				CLANG_WARN_BLOCK_CAPTURE_AUTORELEASING = YES;
				CLANG_WARN_BOOL_CONVERSION = YES;
				CLANG_WARN_COMMA = YES;
				CLANG_WARN_CONSTANT_CONVERSION = YES;
				CLANG_WARN_DEPRECATED_OBJC_IMPLEMENTATIONS = YES;
				CLANG_WARN_DIRECT_OBJC_ISA_USAGE = YES_ERROR;
				CLANG_WARN_DOCUMENTATION_COMMENTS = YES;
				CLANG_WARN_EMPTY_BODY = YES;
				CLANG_WARN_ENUM_CONVERSION = YES;
				CLANG_WARN_INFINITE_RECURSION = YES;
				CLANG_WARN_INT_CONVERSION = YES;
				CLANG_WARN_NON_LITERAL_NULL_CONVERSION = YES;
				CLANG_WARN_OBJC_IMPLICIT_RETAIN_SELF = YES;
				CLANG_WARN_OBJC_LITERAL_CONVERSION = YES;
				CLANG_WARN_OBJC_ROOT_CLASS = YES_ERROR;
				CLANG_WARN_RANGE_LOOP_ANALYSIS = YES;
				CLANG_WARN_STRICT_PROTOTYPES = YES;
				CLANG_WARN_SUSPICIOUS_MOVE = YES;
				CLANG_WARN_UNGUARDED_AVAILABILITY = YES_AGGRESSIVE;
				CLANG_WARN_UNREACHABLE_CODE = YES;
				CLANG_WARN__DUPLICATE_METHOD_MATCH = YES;
				COPY_PHASE_STRIP = NO;
				DEBUG_INFORMATION_FORMAT = dwarf;
				ENABLE_STRICT_OBJC_MSGSEND = YES;
				ENABLE_TESTABILITY = YES;
				GCC_C_LANGUAGE_STANDARD = gnu11;
				GCC_DYNAMIC_NO_PIC = NO;
				GCC_NO_COMMON_BLOCKS = YES;
				GCC_OPTIMIZATION_LEVEL = 0;
				GCC_PREPROCESSOR_DEFINITIONS = (
					"DEBUG=1",
					"$(inherited)",
				);
				GCC_WARN_64_TO_32_BIT_CONVERSION = YES;
				GCC_WARN_ABOUT_RETURN_TYPE = YES_ERROR;
				GCC_WARN_UNDECLARED_SELECTOR = YES;
				GCC_WARN_UNINITIALIZED_AUTOS = YES_AGGRESSIVE;
				GCC_WARN_UNUSED_FUNCTION = YES;
				GCC_WARN_UNUSED_VARIABLE = YES;
				IPHONEOS_DEPLOYMENT_TARGET = 13.2;
				MTL_ENABLE_DEBUG_INFO = INCLUDE_SOURCE;
				MTL_FAST_MATH = YES;
				ONLY_ACTIVE_ARCH = YES;
				SDKROOT = iphoneos;
				SWIFT_ACTIVE_COMPILATION_CONDITIONS = DEBUG;
				SWIFT_OPTIMIZATION_LEVEL = "-Onone";
			};
			name = Debug;
		};
		04386E0523DBAFF000697224 /* Release */ = {
			isa = XCBuildConfiguration;
			buildSettings = {
				ALWAYS_SEARCH_USER_PATHS = NO;
				CLANG_ANALYZER_NONNULL = YES;
				CLANG_ANALYZER_NUMBER_OBJECT_CONVERSION = YES_AGGRESSIVE;
				CLANG_CXX_LANGUAGE_STANDARD = "gnu++14";
				CLANG_CXX_LIBRARY = "libc++";
				CLANG_ENABLE_MODULES = YES;
				CLANG_ENABLE_OBJC_ARC = YES;
				CLANG_ENABLE_OBJC_WEAK = YES;
				CLANG_WARN_BLOCK_CAPTURE_AUTORELEASING = YES;
				CLANG_WARN_BOOL_CONVERSION = YES;
				CLANG_WARN_COMMA = YES;
				CLANG_WARN_CONSTANT_CONVERSION = YES;
				CLANG_WARN_DEPRECATED_OBJC_IMPLEMENTATIONS = YES;
				CLANG_WARN_DIRECT_OBJC_ISA_USAGE = YES_ERROR;
				CLANG_WARN_DOCUMENTATION_COMMENTS = YES;
				CLANG_WARN_EMPTY_BODY = YES;
				CLANG_WARN_ENUM_CONVERSION = YES;
				CLANG_WARN_INFINITE_RECURSION = YES;
				CLANG_WARN_INT_CONVERSION = YES;
				CLANG_WARN_NON_LITERAL_NULL_CONVERSION = YES;
				CLANG_WARN_OBJC_IMPLICIT_RETAIN_SELF = YES;
				CLANG_WARN_OBJC_LITERAL_CONVERSION = YES;
				CLANG_WARN_OBJC_ROOT_CLASS = YES_ERROR;
				CLANG_WARN_RANGE_LOOP_ANALYSIS = YES;
				CLANG_WARN_STRICT_PROTOTYPES = YES;
				CLANG_WARN_SUSPICIOUS_MOVE = YES;
				CLANG_WARN_UNGUARDED_AVAILABILITY = YES_AGGRESSIVE;
				CLANG_WARN_UNREACHABLE_CODE = YES;
				CLANG_WARN__DUPLICATE_METHOD_MATCH = YES;
				COPY_PHASE_STRIP = NO;
				DEBUG_INFORMATION_FORMAT = "dwarf-with-dsym";
				ENABLE_NS_ASSERTIONS = NO;
				ENABLE_STRICT_OBJC_MSGSEND = YES;
				GCC_C_LANGUAGE_STANDARD = gnu11;
				GCC_NO_COMMON_BLOCKS = YES;
				GCC_WARN_64_TO_32_BIT_CONVERSION = YES;
				GCC_WARN_ABOUT_RETURN_TYPE = YES_ERROR;
				GCC_WARN_UNDECLARED_SELECTOR = YES;
				GCC_WARN_UNINITIALIZED_AUTOS = YES_AGGRESSIVE;
				GCC_WARN_UNUSED_FUNCTION = YES;
				GCC_WARN_UNUSED_VARIABLE = YES;
				IPHONEOS_DEPLOYMENT_TARGET = 13.2;
				MTL_ENABLE_DEBUG_INFO = NO;
				MTL_FAST_MATH = YES;
				SDKROOT = iphoneos;
				SWIFT_COMPILATION_MODE = wholemodule;
				SWIFT_OPTIMIZATION_LEVEL = "-O";
				VALIDATE_PRODUCT = YES;
			};
			name = Release;
		};
		04386E0723DBAFF000697224 /* Debug */ = {
			isa = XCBuildConfiguration;
			buildSettings = {
				ASSETCATALOG_COMPILER_APPICON_NAME = AppIcon;
				CODE_SIGN_STYLE = Automatic;
				INFOPLIST_FILE = C0762067_FinalLabAssignment/Info.plist;
				LD_RUNPATH_SEARCH_PATHS = (
					"$(inherited)",
					"@executable_path/Frameworks",
				);
				PRODUCT_BUNDLE_IDENTIFIER = "com.ritik.C0762067-FinalLabAssignment";
				PRODUCT_NAME = "$(TARGET_NAME)";
				SWIFT_VERSION = 5.0;
				TARGETED_DEVICE_FAMILY = "1,2";
			};
			name = Debug;
		};
		04386E0823DBAFF000697224 /* Release */ = {
			isa = XCBuildConfiguration;
			buildSettings = {
				ASSETCATALOG_COMPILER_APPICON_NAME = AppIcon;
				CODE_SIGN_STYLE = Automatic;
				INFOPLIST_FILE = C0762067_FinalLabAssignment/Info.plist;
				LD_RUNPATH_SEARCH_PATHS = (
					"$(inherited)",
					"@executable_path/Frameworks",
				);
				PRODUCT_BUNDLE_IDENTIFIER = "com.ritik.C0762067-FinalLabAssignment";
				PRODUCT_NAME = "$(TARGET_NAME)";
				SWIFT_VERSION = 5.0;
				TARGETED_DEVICE_FAMILY = "1,2";
			};
			name = Release;
		};
/* End XCBuildConfiguration section */

/* Begin XCConfigurationList section */
		04386DEA23DBAFEE00697224 /* Build configuration list for PBXProject "C0762067_FinalLabAssignment" */ = {
			isa = XCConfigurationList;
			buildConfigurations = (
				04386E0423DBAFF000697224 /* Debug */,
				04386E0523DBAFF000697224 /* Release */,
			);
			defaultConfigurationIsVisible = 0;
			defaultConfigurationName = Release;
		};
		04386E0623DBAFF000697224 /* Build configuration list for PBXNativeTarget "C0762067_FinalLabAssignment" */ = {
			isa = XCConfigurationList;
			buildConfigurations = (
				04386E0723DBAFF000697224 /* Debug */,
				04386E0823DBAFF000697224 /* Release */,
			);
			defaultConfigurationIsVisible = 0;
			defaultConfigurationName = Release;
		};
/* End XCConfigurationList section */

/* Begin XCVersionGroup section */
		04386DFB23DBAFEE00697224 /* C0762067_FinalLabAssignment.xcdatamodeld */ = {
			isa = XCVersionGroup;
			children = (
				04386DFC23DBAFEE00697224 /* C0762067_FinalLabAssignment.xcdatamodel */,
			);
			currentVersion = 04386DFC23DBAFEE00697224 /* C0762067_FinalLabAssignment.xcdatamodel */;
			path = C0762067_FinalLabAssignment.xcdatamodeld;
			sourceTree = "<group>";
			versionGroupType = wrapper.xcdatamodel;
		};
/* End XCVersionGroup section */
	};
	rootObject = 04386DE723DBAFEE00697224 /* Project object */;
}
